
Microsoft Visual Studio Solution File, Format Version 12.00
# Visual Studio Version 17
VisualStudioVersion = 17.10.34916.146
MinimumVisualStudioVersion = 10.0.40219.1
Project("{FAE04EC0-301F-11D3-BF4B-00C04F79EFBC}") = "ReservaFacil.API", "ReservaFacil.API.csproj", "{030FCA3B-0E8C-4E10-B2B2-36EF4E1E029C}"
EndProject
Project("{FAE04EC0-301F-11D3-BF4B-00C04F79EFBC}") = "ReservaFacil.Domain", "..\ReservaFacil.Domain\ReservaFacil.Domain.csproj", "{2F5D2554-AC5A-4C1D-B232-88D74AA67E7A}"
EndProject
Project("{FAE04EC0-301F-11D3-BF4B-00C04F79EFBC}") = "ReservaFacil.Data", "..\ReservaFacil.Data\ReservaFacil.Data.csproj", "{252A83D6-6E4F-47DD-8898-D18714A2CC66}"
EndProject
Project("{FAE04EC0-301F-11D3-BF4B-00C04F79EFBC}") = "ReservaFacil.Web", "..\ReservaFacil.Web\ReservaFacil.Web.csproj", "{0AFE7E4C-7554-46CD-86B5-EDC65A815BBB}"
EndProject
Project("{FAE04EC0-301F-11D3-BF4B-00C04F79EFBC}") = "ReservaFacil.IoC", "..\ReservaFacil.IoC\ReservaFacil.IoC.csproj", "{A2B5D07F-5C0F-4F5A-9051-9C91A9F6B789}"
EndProject
Global
	GlobalSection(SolutionConfigurationPlatforms) = preSolution
		Debug|Any CPU = Debug|Any CPU
		Release|Any CPU = Release|Any CPU
	EndGlobalSection
	GlobalSection(ProjectConfigurationPlatforms) = postSolution
		{030FCA3B-0E8C-4E10-B2B2-36EF4E1E029C}.Debug|Any CPU.ActiveCfg = Debug|Any CPU
		{030FCA3B-0E8C-4E10-B2B2-36EF4E1E029C}.Debug|Any CPU.Build.0 = Debug|Any CPU
		{030FCA3B-0E8C-4E10-B2B2-36EF4E1E029C}.Release|Any CPU.ActiveCfg = Release|Any CPU
		{030FCA3B-0E8C-4E10-B2B2-36EF4E1E029C}.Release|Any CPU.Build.0 = Release|Any CPU
		{2F5D2554-AC5A-4C1D-B232-88D74AA67E7A}.Debug|Any CPU.ActiveCfg = Debug|Any CPU
		{2F5D2554-AC5A-4C1D-B232-88D74AA67E7A}.Debug|Any CPU.Build.0 = Debug|Any CPU
		{2F5D2554-AC5A-4C1D-B232-88D74AA67E7A}.Release|Any CPU.ActiveCfg = Release|Any CPU
		{2F5D2554-AC5A-4C1D-B232-88D74AA67E7A}.Release|Any CPU.Build.0 = Release|Any CPU
		{252A83D6-6E4F-47DD-8898-D18714A2CC66}.Debug|Any CPU.ActiveCfg = Debug|Any CPU
		{252A83D6-6E4F-47DD-8898-D18714A2CC66}.Debug|Any CPU.Build.0 = Debug|Any CPU
		{252A83D6-6E4F-47DD-8898-D18714A2CC66}.Release|Any CPU.ActiveCfg = Release|Any CPU
		{252A83D6-6E4F-47DD-8898-D18714A2CC66}.Release|Any CPU.Build.0 = Release|Any CPU
		{0AFE7E4C-7554-46CD-86B5-EDC65A815BBB}.Debug|Any CPU.ActiveCfg = Debug|Any CPU
		{0AFE7E4C-7554-46CD-86B5-EDC65A815BBB}.Debug|Any CPU.Build.0 = Debug|Any CPU
		{0AFE7E4C-7554-46CD-86B5-EDC65A815BBB}.Release|Any CPU.ActiveCfg = Release|Any CPU
		{0AFE7E4C-7554-46CD-86B5-EDC65A815BBB}.Release|Any CPU.Build.0 = Release|Any CPU
		{A2B5D07F-5C0F-4F5A-9051-9C91A9F6B789}.Debug|Any CPU.ActiveCfg = Debug|Any CPU
		{A2B5D07F-5C0F-4F5A-9051-9C91A9F6B789}.Debug|Any CPU.Build.0 = Debug|Any CPU
		{A2B5D07F-5C0F-4F5A-9051-9C91A9F6B789}.Release|Any CPU.ActiveCfg = Release|Any CPU
		{A2B5D07F-5C0F-4F5A-9051-9C91A9F6B789}.Release|Any CPU.Build.0 = Release|Any CPU
	EndGlobalSection
	GlobalSection(SolutionProperties) = preSolution
		HideSolutionNode = FALSE
	EndGlobalSection
	GlobalSection(ExtensibilityGlobals) = postSolution
		SolutionGuid = {00572D36-FBAE-466E-9F60-FEDBFD257412}
	EndGlobalSection
EndGlobal
